// !$*UTF8*$!
{
	archiveVersion = 1;
	classes = {
	};
	objectVersion = 46;
	objects = {

/* Begin PBXBuildFile section */
		D9C3BEF91C6A09510036A80F /* AppDelegate.swift in Sources */ = {isa = PBXBuildFile; fileRef = D9C3BEF81C6A09510036A80F /* AppDelegate.swift */; };
		D9C3BEFE1C6A09510036A80F /* Main.storyboard in Resources */ = {isa = PBXBuildFile; fileRef = D9C3BEFC1C6A09510036A80F /* Main.storyboard */; };
		D9C3BF001C6A09510036A80F /* Assets.xcassets in Resources */ = {isa = PBXBuildFile; fileRef = D9C3BEFF1C6A09510036A80F /* Assets.xcassets */; };
		D9C3BF031C6A09510036A80F /* LaunchScreen.storyboard in Resources */ = {isa = PBXBuildFile; fileRef = D9C3BF011C6A09510036A80F /* LaunchScreen.storyboard */; };
		D9C3BF0E1C6A11B60036A80F /* ContactsTableViewController.swift in Sources */ = {isa = PBXBuildFile; fileRef = D9C3BF0D1C6A11B60036A80F /* ContactsTableViewController.swift */; };
		D9C3BF101C6A11BF0036A80F /* ContactsViewModel.swift in Sources */ = {isa = PBXBuildFile; fileRef = D9C3BF0F1C6A11BF0036A80F /* ContactsViewModel.swift */; };
		D9C3BF121C6A11D00036A80F /* LogInViewController.swift in Sources */ = {isa = PBXBuildFile; fileRef = D9C3BF111C6A11D00036A80F /* LogInViewController.swift */; };
		D9C3BF141C6A11DA0036A80F /* LogInViewModel.swift in Sources */ = {isa = PBXBuildFile; fileRef = D9C3BF131C6A11DA0036A80F /* LogInViewModel.swift */; };
		D9C3BF161C6A121B0036A80F /* ContactDetailTableViewController.swift in Sources */ = {isa = PBXBuildFile; fileRef = D9C3BF151C6A121B0036A80F /* ContactDetailTableViewController.swift */; };
		D9C3BF181C6A12230036A80F /* ContactDetailViewModel.swift in Sources */ = {isa = PBXBuildFile; fileRef = D9C3BF171C6A12230036A80F /* ContactDetailViewModel.swift */; };
		D9C3BF1B1C6A15470036A80F /* Contact.swift in Sources */ = {isa = PBXBuildFile; fileRef = D9C3BF1A1C6A15470036A80F /* Contact.swift */; };
		D9C3BF1D1C6A16700036A80F /* Email.swift in Sources */ = {isa = PBXBuildFile; fileRef = D9C3BF1C1C6A16700036A80F /* Email.swift */; };
		D9C3BF1F1C6A16DF0036A80F /* Address.swift in Sources */ = {isa = PBXBuildFile; fileRef = D9C3BF1E1C6A16DF0036A80F /* Address.swift */; };
		D9C3BF211C6A1AFB0036A80F /* Company.swift in Sources */ = {isa = PBXBuildFile; fileRef = D9C3BF201C6A1AFB0036A80F /* Company.swift */; };
		D9C3BF231C6A1B130036A80F /* Phone.swift in Sources */ = {isa = PBXBuildFile; fileRef = D9C3BF221C6A1B130036A80F /* Phone.swift */; };
		D9C3BF251C6A1C140036A80F /* MainSplitViewController.swift in Sources */ = {isa = PBXBuildFile; fileRef = D9C3BF241C6A1C140036A80F /* MainSplitViewController.swift */; };
		D9C3BF291C6A1D000036A80F /* SegueProcessable.swift in Sources */ = {isa = PBXBuildFile; fileRef = D9C3BF271C6A1D000036A80F /* SegueProcessable.swift */; };
		D9C3BF2A1C6A1D000036A80F /* StoryboardIdentifiable.swift in Sources */ = {isa = PBXBuildFile; fileRef = D9C3BF281C6A1D000036A80F /* StoryboardIdentifiable.swift */; };
		D9C3BF2D1C6A1D680036A80F /* UIViewControllerExtension.swift in Sources */ = {isa = PBXBuildFile; fileRef = D9C3BF2C1C6A1D680036A80F /* UIViewControllerExtension.swift */; };
		D9C3BF2F1C6B4D540036A80F /* JSONParseable.swift in Sources */ = {isa = PBXBuildFile; fileRef = D9C3BF2E1C6B4D540036A80F /* JSONParseable.swift */; };
		D9C3BF351C6B51DE0036A80F /* Alamofire.framework in Frameworks */ = {isa = PBXBuildFile; fileRef = D9C3BF301C6B51DE0036A80F /* Alamofire.framework */; };
		D9C3BF361C6B51DE0036A80F /* RxCocoa.framework in Frameworks */ = {isa = PBXBuildFile; fileRef = D9C3BF311C6B51DE0036A80F /* RxCocoa.framework */; };
		D9C3BF371C6B51DE0036A80F /* RxSwift.framework in Frameworks */ = {isa = PBXBuildFile; fileRef = D9C3BF321C6B51DE0036A80F /* RxSwift.framework */; };
		D9C3BF381C6B51DE0036A80F /* SwiftyJSON.framework in Frameworks */ = {isa = PBXBuildFile; fileRef = D9C3BF331C6B51DE0036A80F /* SwiftyJSON.framework */; };
		D9C3BF391C6B51DE0036A80F /* WebImage.framework in Frameworks */ = {isa = PBXBuildFile; fileRef = D9C3BF341C6B51DE0036A80F /* WebImage.framework */; };
		D9C3BF3F1C6BD34F0036A80F /* SessionManager.swift in Sources */ = {isa = PBXBuildFile; fileRef = D9C3BF3E1C6BD34F0036A80F /* SessionManager.swift */; };
/* End PBXBuildFile section */

/* Begin PBXFileReference section */
		D9C3BEF51C6A09510036A80F /* myContacts.app */ = {isa = PBXFileReference; explicitFileType = wrapper.application; includeInIndex = 0; path = myContacts.app; sourceTree = BUILT_PRODUCTS_DIR; };
		D9C3BEF81C6A09510036A80F /* AppDelegate.swift */ = {isa = PBXFileReference; lastKnownFileType = sourcecode.swift; path = AppDelegate.swift; sourceTree = "<group>"; };
		D9C3BEFD1C6A09510036A80F /* Base */ = {isa = PBXFileReference; lastKnownFileType = file.storyboard; name = Base; path = Base.lproj/Main.storyboard; sourceTree = "<group>"; };
		D9C3BEFF1C6A09510036A80F /* Assets.xcassets */ = {isa = PBXFileReference; lastKnownFileType = folder.assetcatalog; path = Assets.xcassets; sourceTree = "<group>"; };
		D9C3BF021C6A09510036A80F /* Base */ = {isa = PBXFileReference; lastKnownFileType = file.storyboard; name = Base; path = Base.lproj/LaunchScreen.storyboard; sourceTree = "<group>"; };
		D9C3BF041C6A09510036A80F /* Info.plist */ = {isa = PBXFileReference; lastKnownFileType = text.plist.xml; path = Info.plist; sourceTree = "<group>"; };
		D9C3BF0D1C6A11B60036A80F /* ContactsTableViewController.swift */ = {isa = PBXFileReference; fileEncoding = 4; lastKnownFileType = sourcecode.swift; path = ContactsTableViewController.swift; sourceTree = "<group>"; };
		D9C3BF0F1C6A11BF0036A80F /* ContactsViewModel.swift */ = {isa = PBXFileReference; fileEncoding = 4; lastKnownFileType = sourcecode.swift; path = ContactsViewModel.swift; sourceTree = "<group>"; };
		D9C3BF111C6A11D00036A80F /* LogInViewController.swift */ = {isa = PBXFileReference; fileEncoding = 4; lastKnownFileType = sourcecode.swift; path = LogInViewController.swift; sourceTree = "<group>"; };
		D9C3BF131C6A11DA0036A80F /* LogInViewModel.swift */ = {isa = PBXFileReference; fileEncoding = 4; lastKnownFileType = sourcecode.swift; path = LogInViewModel.swift; sourceTree = "<group>"; };
		D9C3BF151C6A121B0036A80F /* ContactDetailTableViewController.swift */ = {isa = PBXFileReference; fileEncoding = 4; lastKnownFileType = sourcecode.swift; path = ContactDetailTableViewController.swift; sourceTree = "<group>"; };
		D9C3BF171C6A12230036A80F /* ContactDetailViewModel.swift */ = {isa = PBXFileReference; fileEncoding = 4; lastKnownFileType = sourcecode.swift; path = ContactDetailViewModel.swift; sourceTree = "<group>"; };
		D9C3BF1A1C6A15470036A80F /* Contact.swift */ = {isa = PBXFileReference; fileEncoding = 4; lastKnownFileType = sourcecode.swift; path = Contact.swift; sourceTree = "<group>"; };
		D9C3BF1C1C6A16700036A80F /* Email.swift */ = {isa = PBXFileReference; fileEncoding = 4; lastKnownFileType = sourcecode.swift; path = Email.swift; sourceTree = "<group>"; };
		D9C3BF1E1C6A16DF0036A80F /* Address.swift */ = {isa = PBXFileReference; fileEncoding = 4; lastKnownFileType = sourcecode.swift; path = Address.swift; sourceTree = "<group>"; };
		D9C3BF201C6A1AFB0036A80F /* Company.swift */ = {isa = PBXFileReference; fileEncoding = 4; lastKnownFileType = sourcecode.swift; path = Company.swift; sourceTree = "<group>"; };
		D9C3BF221C6A1B130036A80F /* Phone.swift */ = {isa = PBXFileReference; fileEncoding = 4; lastKnownFileType = sourcecode.swift; path = Phone.swift; sourceTree = "<group>"; };
		D9C3BF241C6A1C140036A80F /* MainSplitViewController.swift */ = {isa = PBXFileReference; fileEncoding = 4; lastKnownFileType = sourcecode.swift; path = MainSplitViewController.swift; sourceTree = "<group>"; };
		D9C3BF271C6A1D000036A80F /* SegueProcessable.swift */ = {isa = PBXFileReference; fileEncoding = 4; lastKnownFileType = sourcecode.swift; path = SegueProcessable.swift; sourceTree = "<group>"; };
		D9C3BF281C6A1D000036A80F /* StoryboardIdentifiable.swift */ = {isa = PBXFileReference; fileEncoding = 4; lastKnownFileType = sourcecode.swift; path = StoryboardIdentifiable.swift; sourceTree = "<group>"; };
		D9C3BF2C1C6A1D680036A80F /* UIViewControllerExtension.swift */ = {isa = PBXFileReference; fileEncoding = 4; lastKnownFileType = sourcecode.swift; path = UIViewControllerExtension.swift; sourceTree = "<group>"; };
		D9C3BF2E1C6B4D540036A80F /* JSONParseable.swift */ = {isa = PBXFileReference; fileEncoding = 4; lastKnownFileType = sourcecode.swift; path = JSONParseable.swift; sourceTree = "<group>"; };
		D9C3BF301C6B51DE0036A80F /* Alamofire.framework */ = {isa = PBXFileReference; lastKnownFileType = wrapper.framework; name = Alamofire.framework; path = Carthage/Build/iOS/Alamofire.framework; sourceTree = "<group>"; };
		D9C3BF311C6B51DE0036A80F /* RxCocoa.framework */ = {isa = PBXFileReference; lastKnownFileType = wrapper.framework; name = RxCocoa.framework; path = Carthage/Build/iOS/RxCocoa.framework; sourceTree = "<group>"; };
		D9C3BF321C6B51DE0036A80F /* RxSwift.framework */ = {isa = PBXFileReference; lastKnownFileType = wrapper.framework; name = RxSwift.framework; path = Carthage/Build/iOS/RxSwift.framework; sourceTree = "<group>"; };
		D9C3BF331C6B51DE0036A80F /* SwiftyJSON.framework */ = {isa = PBXFileReference; lastKnownFileType = wrapper.framework; name = SwiftyJSON.framework; path = Carthage/Build/iOS/SwiftyJSON.framework; sourceTree = "<group>"; };
		D9C3BF341C6B51DE0036A80F /* WebImage.framework */ = {isa = PBXFileReference; lastKnownFileType = wrapper.framework; name = WebImage.framework; path = Carthage/Build/iOS/WebImage.framework; sourceTree = "<group>"; };
		D9C3BF3E1C6BD34F0036A80F /* SessionManager.swift */ = {isa = PBXFileReference; fileEncoding = 4; lastKnownFileType = sourcecode.swift; path = SessionManager.swift; sourceTree = "<group>"; };
/* End PBXFileReference section */

/* Begin PBXFrameworksBuildPhase section */
		D9C3BEF21C6A09510036A80F /* Frameworks */ = {
			isa = PBXFrameworksBuildPhase;
			buildActionMask = 2147483647;
			files = (
				D9C3BF351C6B51DE0036A80F /* Alamofire.framework in Frameworks */,
				D9C3BF361C6B51DE0036A80F /* RxCocoa.framework in Frameworks */,
				D9C3BF371C6B51DE0036A80F /* RxSwift.framework in Frameworks */,
				D9C3BF381C6B51DE0036A80F /* SwiftyJSON.framework in Frameworks */,
				D9C3BF391C6B51DE0036A80F /* WebImage.framework in Frameworks */,
			);
			runOnlyForDeploymentPostprocessing = 0;
		};
/* End PBXFrameworksBuildPhase section */

/* Begin PBXGroup section */
		D9C3BEEC1C6A09510036A80F = {
			isa = PBXGroup;
			children = (
				D9C3BF3A1C6B51E20036A80F /* Frameworks */,
				D9C3BEF71C6A09510036A80F /* myContacts */,
				D9C3BEF61C6A09510036A80F /* Products */,
			);
			sourceTree = "<group>";
		};
		D9C3BEF61C6A09510036A80F /* Products */ = {
			isa = PBXGroup;
			children = (
				D9C3BEF51C6A09510036A80F /* myContacts.app */,
			);
			name = Products;
			sourceTree = "<group>";
		};
		D9C3BEF71C6A09510036A80F /* myContacts */ = {
			isa = PBXGroup;
			children = (
				D9C3BEF81C6A09510036A80F /* AppDelegate.swift */,
				D9C3BEFC1C6A09510036A80F /* Main.storyboard */,
				D9C3BF241C6A1C140036A80F /* MainSplitViewController.swift */,
				D9C3BF3E1C6BD34F0036A80F /* SessionManager.swift */,
				D9C3BF2B1C6A1D5F0036A80F /* Extensions */,
				D9C3BF261C6A1CF10036A80F /* Protocols */,
				D9C3BF191C6A152A0036A80F /* Models */,
				D9C3BF0A1C6A11890036A80F /* Contacts */,
				D9C3BF0B1C6A11890036A80F /* Log In */,
				D9C3BEFF1C6A09510036A80F /* Assets.xcassets */,
				D9C3BF011C6A09510036A80F /* LaunchScreen.storyboard */,
				D9C3BF041C6A09510036A80F /* Info.plist */,
			);
			path = myContacts;
			sourceTree = "<group>";
		};
		D9C3BF0A1C6A11890036A80F /* Contacts */ = {
			isa = PBXGroup;
			children = (
				D9C3BF0D1C6A11B60036A80F /* ContactsTableViewController.swift */,
				D9C3BF0F1C6A11BF0036A80F /* ContactsViewModel.swift */,
				D9C3BF151C6A121B0036A80F /* ContactDetailTableViewController.swift */,
				D9C3BF171C6A12230036A80F /* ContactDetailViewModel.swift */,
			);
			path = Contacts;
			sourceTree = "<group>";
		};
		D9C3BF0B1C6A11890036A80F /* Log In */ = {
			isa = PBXGroup;
			children = (
				D9C3BF111C6A11D00036A80F /* LogInViewController.swift */,
				D9C3BF131C6A11DA0036A80F /* LogInViewModel.swift */,
			);
			path = "Log In";
			sourceTree = "<group>";
		};
		D9C3BF191C6A152A0036A80F /* Models */ = {
			isa = PBXGroup;
			children = (
				D9C3BF1A1C6A15470036A80F /* Contact.swift */,
				D9C3BF1E1C6A16DF0036A80F /* Address.swift */,
				D9C3BF201C6A1AFB0036A80F /* Company.swift */,
				D9C3BF221C6A1B130036A80F /* Phone.swift */,
				D9C3BF1C1C6A16700036A80F /* Email.swift */,
			);
			path = Models;
			sourceTree = "<group>";
		};
		D9C3BF261C6A1CF10036A80F /* Protocols */ = {
			isa = PBXGroup;
			children = (
				D9C3BF271C6A1D000036A80F /* SegueProcessable.swift */,
				D9C3BF281C6A1D000036A80F /* StoryboardIdentifiable.swift */,
				D9C3BF2E1C6B4D540036A80F /* JSONParseable.swift */,
			);
			path = Protocols;
			sourceTree = "<group>";
		};
		D9C3BF2B1C6A1D5F0036A80F /* Extensions */ = {
			isa = PBXGroup;
			children = (
				D9C3BF2C1C6A1D680036A80F /* UIViewControllerExtension.swift */,
			);
			path = Extensions;
			sourceTree = "<group>";
		};
		D9C3BF3A1C6B51E20036A80F /* Frameworks */ = {
			isa = PBXGroup;
			children = (
				D9C3BF301C6B51DE0036A80F /* Alamofire.framework */,
				D9C3BF311C6B51DE0036A80F /* RxCocoa.framework */,
				D9C3BF321C6B51DE0036A80F /* RxSwift.framework */,
				D9C3BF331C6B51DE0036A80F /* SwiftyJSON.framework */,
				D9C3BF341C6B51DE0036A80F /* WebImage.framework */,
			);
			name = Frameworks;
			sourceTree = "<group>";
		};
/* End PBXGroup section */

/* Begin PBXNativeTarget section */
		D9C3BEF41C6A09510036A80F /* myContacts */ = {
			isa = PBXNativeTarget;
			buildConfigurationList = D9C3BF071C6A09510036A80F /* Build configuration list for PBXNativeTarget "myContacts" */;
			buildPhases = (
				D9C3BEF11C6A09510036A80F /* Sources */,
				D9C3BEF21C6A09510036A80F /* Frameworks */,
				D9C3BEF31C6A09510036A80F /* Resources */,
				D9C3BF3B1C6B51FB0036A80F /* ShellScript */,
			);
			buildRules = (
			);
			dependencies = (
			);
			name = myContacts;
			productName = myContacts;
			productReference = D9C3BEF51C6A09510036A80F /* myContacts.app */;
			productType = "com.apple.product-type.application";
		};
/* End PBXNativeTarget section */

/* Begin PBXProject section */
		D9C3BEED1C6A09510036A80F /* Project object */ = {
			isa = PBXProject;
			attributes = {
				LastSwiftUpdateCheck = 0720;
				LastUpgradeCheck = 0720;
				ORGANIZATIONNAME = "Diogo Carmo";
				TargetAttributes = {
					D9C3BEF41C6A09510036A80F = {
						CreatedOnToolsVersion = 7.2.1;
					};
				};
			};
			buildConfigurationList = D9C3BEF01C6A09510036A80F /* Build configuration list for PBXProject "myContacts" */;
			compatibilityVersion = "Xcode 3.2";
			developmentRegion = English;
			hasScannedForEncodings = 0;
			knownRegions = (
				en,
				Base,
			);
			mainGroup = D9C3BEEC1C6A09510036A80F;
			productRefGroup = D9C3BEF61C6A09510036A80F /* Products */;
			projectDirPath = "";
			projectRoot = "";
			targets = (
				D9C3BEF41C6A09510036A80F /* myContacts */,
			);
		};
/* End PBXProject section */

/* Begin PBXResourcesBuildPhase section */
		D9C3BEF31C6A09510036A80F /* Resources */ = {
			isa = PBXResourcesBuildPhase;
			buildActionMask = 2147483647;
			files = (
				D9C3BF031C6A09510036A80F /* LaunchScreen.storyboard in Resources */,
				D9C3BF001C6A09510036A80F /* Assets.xcassets in Resources */,
				D9C3BEFE1C6A09510036A80F /* Main.storyboard in Resources */,
			);
			runOnlyForDeploymentPostprocessing = 0;
		};
/* End PBXResourcesBuildPhase section */

/* Begin PBXShellScriptBuildPhase section */
		D9C3BF3B1C6B51FB0036A80F /* ShellScript */ = {
			isa = PBXShellScriptBuildPhase;
			buildActionMask = 2147483647;
			files = (
			);
			inputPaths = (
				"$(SRCROOT)/Carthage/Build/iOS/RxSwift.framework",
				"$(SRCROOT)/Carthage/Build/iOS/Alamofire.framework",
				"$(SRCROOT)/Carthage/Build/iOS/RxCocoa.framework",
				"$(SRCROOT)/Carthage/Build/iOS/SwiftyJSON.framework",
				"$(SRCROOT)/Carthage/Build/iOS/WebImage.framework",
			);
			outputPaths = (
			);
			runOnlyForDeploymentPostprocessing = 0;
			shellPath = /bin/sh;
			shellScript = "/usr/local/bin/carthage copy-frameworks";
		};
/* End PBXShellScriptBuildPhase section */

/* Begin PBXSourcesBuildPhase section */
		D9C3BEF11C6A09510036A80F /* Sources */ = {
			isa = PBXSourcesBuildPhase;
			buildActionMask = 2147483647;
			files = (
				D9C3BF121C6A11D00036A80F /* LogInViewController.swift in Sources */,
				D9C3BF141C6A11DA0036A80F /* LogInViewModel.swift in Sources */,
				D9C3BF3F1C6BD34F0036A80F /* SessionManager.swift in Sources */,
				D9C3BF181C6A12230036A80F /* ContactDetailViewModel.swift in Sources */,
				D9C3BF0E1C6A11B60036A80F /* ContactsTableViewController.swift in Sources */,
				D9C3BF2F1C6B4D540036A80F /* JSONParseable.swift in Sources */,
				D9C3BF2D1C6A1D680036A80F /* UIViewControllerExtension.swift in Sources */,
				D9C3BF231C6A1B130036A80F /* Phone.swift in Sources */,
				D9C3BF251C6A1C140036A80F /* MainSplitViewController.swift in Sources */,
				D9C3BF1F1C6A16DF0036A80F /* Address.swift in Sources */,
				D9C3BF1B1C6A15470036A80F /* Contact.swift in Sources */,
				D9C3BF1D1C6A16700036A80F /* Email.swift in Sources */,
				D9C3BF211C6A1AFB0036A80F /* Company.swift in Sources */,
				D9C3BF161C6A121B0036A80F /* ContactDetailTableViewController.swift in Sources */,
				D9C3BF101C6A11BF0036A80F /* ContactsViewModel.swift in Sources */,
				D9C3BEF91C6A09510036A80F /* AppDelegate.swift in Sources */,
				D9C3BF291C6A1D000036A80F /* SegueProcessable.swift in Sources */,
				D9C3BF2A1C6A1D000036A80F /* StoryboardIdentifiable.swift in Sources */,
			);
			runOnlyForDeploymentPostprocessing = 0;
		};
/* End PBXSourcesBuildPhase section */

/* Begin PBXVariantGroup section */
		D9C3BEFC1C6A09510036A80F /* Main.storyboard */ = {
			isa = PBXVariantGroup;
			children = (
				D9C3BEFD1C6A09510036A80F /* Base */,
			);
			name = Main.storyboard;
			sourceTree = "<group>";
		};
		D9C3BF011C6A09510036A80F /* LaunchScreen.storyboard */ = {
			isa = PBXVariantGroup;
			children = (
				D9C3BF021C6A09510036A80F /* Base */,
			);
			name = LaunchScreen.storyboard;
			sourceTree = "<group>";
		};
/* End PBXVariantGroup section */

/* Begin XCBuildConfiguration section */
		D9C3BF051C6A09510036A80F /* Debug */ = {
			isa = XCBuildConfiguration;
			buildSettings = {
				ALWAYS_SEARCH_USER_PATHS = NO;
				CLANG_CXX_LANGUAGE_STANDARD = "gnu++0x";
				CLANG_CXX_LIBRARY = "libc++";
				CLANG_ENABLE_MODULES = YES;
				CLANG_ENABLE_OBJC_ARC = YES;
				CLANG_WARN_BOOL_CONVERSION = YES;
				CLANG_WARN_CONSTANT_CONVERSION = YES;
				CLANG_WARN_DIRECT_OBJC_ISA_USAGE = YES_ERROR;
				CLANG_WARN_EMPTY_BODY = YES;
				CLANG_WARN_ENUM_CONVERSION = YES;
				CLANG_WARN_INT_CONVERSION = YES;
				CLANG_WARN_OBJC_ROOT_CLASS = YES_ERROR;
				CLANG_WARN_UNREACHABLE_CODE = YES;
				CLANG_WARN__DUPLICATE_METHOD_MATCH = YES;
				"CODE_SIGN_IDENTITY[sdk=iphoneos*]" = "iPhone Developer";
				COPY_PHASE_STRIP = NO;
				DEBUG_INFORMATION_FORMAT = dwarf;
				ENABLE_STRICT_OBJC_MSGSEND = YES;
				ENABLE_TESTABILITY = YES;
				GCC_C_LANGUAGE_STANDARD = gnu99;
				GCC_DYNAMIC_NO_PIC = NO;
				GCC_NO_COMMON_BLOCKS = YES;
				GCC_OPTIMIZATION_LEVEL = 0;
				GCC_PREPROCESSOR_DEFINITIONS = (
					"DEBUG=1",
					"$(inherited)",
				);
				GCC_WARN_64_TO_32_BIT_CONVERSION = YES;
				GCC_WARN_ABOUT_RETURN_TYPE = YES_ERROR;
				GCC_WARN_UNDECLARED_SELECTOR = YES;
				GCC_WARN_UNINITIALIZED_AUTOS = YES_AGGRESSIVE;
				GCC_WARN_UNUSED_FUNCTION = YES;
				GCC_WARN_UNUSED_VARIABLE = YES;
				IPHONEOS_DEPLOYMENT_TARGET = 9.2;
				MTL_ENABLE_DEBUG_INFO = YES;
				ONLY_ACTIVE_ARCH = YES;
				SDKROOT = iphoneos;
				SWIFT_OPTIMIZATION_LEVEL = "-Onone";
			};
			name = Debug;
		};
		D9C3BF061C6A09510036A80F /* Release */ = {
			isa = XCBuildConfiguration;
			buildSettings = {
				ALWAYS_SEARCH_USER_PATHS = NO;
				CLANG_CXX_LANGUAGE_STANDARD = "gnu++0x";
				CLANG_CXX_LIBRARY = "libc++";
				CLANG_ENABLE_MODULES = YES;
				CLANG_ENABLE_OBJC_ARC = YES;
				CLANG_WARN_BOOL_CONVERSION = YES;
				CLANG_WARN_CONSTANT_CONVERSION = YES;
				CLANG_WARN_DIRECT_OBJC_ISA_USAGE = YES_ERROR;
				CLANG_WARN_EMPTY_BODY = YES;
				CLANG_WARN_ENUM_CONVERSION = YES;
				CLANG_WARN_INT_CONVERSION = YES;
				CLANG_WARN_OBJC_ROOT_CLASS = YES_ERROR;
				CLANG_WARN_UNREACHABLE_CODE = YES;
				CLANG_WARN__DUPLICATE_METHOD_MATCH = YES;
				"CODE_SIGN_IDENTITY[sdk=iphoneos*]" = "iPhone Developer";
				COPY_PHASE_STRIP = NO;
				DEBUG_INFORMATION_FORMAT = "dwarf-with-dsym";
				ENABLE_NS_ASSERTIONS = NO;
				ENABLE_STRICT_OBJC_MSGSEND = YES;
				GCC_C_LANGUAGE_STANDARD = gnu99;
				GCC_NO_COMMON_BLOCKS = YES;
				GCC_WARN_64_TO_32_BIT_CONVERSION = YES;
				GCC_WARN_ABOUT_RETURN_TYPE = YES_ERROR;
				GCC_WARN_UNDECLARED_SELECTOR = YES;
				GCC_WARN_UNINITIALIZED_AUTOS = YES_AGGRESSIVE;
				GCC_WARN_UNUSED_FUNCTION = YES;
				GCC_WARN_UNUSED_VARIABLE = YES;
				IPHONEOS_DEPLOYMENT_TARGET = 9.2;
				MTL_ENABLE_DEBUG_INFO = NO;
				SDKROOT = iphoneos;
				VALIDATE_PRODUCT = YES;
			};
			name = Release;
		};
		D9C3BF081C6A09510036A80F /* Debug */ = {
			isa = XCBuildConfiguration;
			buildSettings = {
				ASSETCATALOG_COMPILER_APPICON_NAME = AppIcon;
				FRAMEWORK_SEARCH_PATHS = (
					"$(inherited)",
					"$(PROJECT_DIR)/Carthage/Build/iOS",
				);
				INFOPLIST_FILE = myContacts/Info.plist;
				LD_RUNPATH_SEARCH_PATHS = "$(inherited) @executable_path/Frameworks";
				PRODUCT_BUNDLE_IDENTIFIER = me.dcarmo.myContacts;
				PRODUCT_NAME = "$(TARGET_NAME)";
				TARGETED_DEVICE_FAMILY = "1,2";
			};
			name = Debug;
		};
		D9C3BF091C6A09510036A80F /* Release */ = {
			isa = XCBuildConfiguration;
			buildSettings = {
				ASSETCATALOG_COMPILER_APPICON_NAME = AppIcon;
				FRAMEWORK_SEARCH_PATHS = (
					"$(inherited)",
					"$(PROJECT_DIR)/Carthage/Build/iOS",
				);
				INFOPLIST_FILE = myContacts/Info.plist;
				LD_RUNPATH_SEARCH_PATHS = "$(inherited) @executable_path/Frameworks";
				PRODUCT_BUNDLE_IDENTIFIER = me.dcarmo.myContacts;
				PRODUCT_NAME = "$(TARGET_NAME)";
				TARGETED_DEVICE_FAMILY = "1,2";
			};
			name = Release;
		};
/* End XCBuildConfiguration section */

/* Begin XCConfigurationList section */
		D9C3BEF01C6A09510036A80F /* Build configuration list for PBXProject "myContacts" */ = {
			isa = XCConfigurationList;
			buildConfigurations = (
				D9C3BF051C6A09510036A80F /* Debug */,
				D9C3BF061C6A09510036A80F /* Release */,
			);
			defaultConfigurationIsVisible = 0;
			defaultConfigurationName = Release;
		};
		D9C3BF071C6A09510036A80F /* Build configuration list for PBXNativeTarget "myContacts" */ = {
			isa = XCConfigurationList;
			buildConfigurations = (
				D9C3BF081C6A09510036A80F /* Debug */,
				D9C3BF091C6A09510036A80F /* Release */,
			);
			defaultConfigurationIsVisible = 0;
		};
/* End XCConfigurationList section */
	};
	rootObject = D9C3BEED1C6A09510036A80F /* Project object */;
}
